
Microsoft Visual Studio Solution File, Format Version 12.00
# Visual Studio 15
VisualStudioVersion = 15.0.27428.2011
MinimumVisualStudioVersion = 10.0.40219.1
Project("{FAE04EC0-301F-11D3-BF4B-00C04F79EFBC}") = "Thermostat", "Thermostat\Thermostat.csproj", "{67181663-26C1-4424-A415-6A006F16F66E}"
EndProject
Global
	GlobalSection(SolutionConfigurationPlatforms) = preSolution
		Debug|Any CPU = Debug|Any CPU
		Release|Any CPU = Release|Any CPU
	EndGlobalSection
	GlobalSection(ProjectConfigurationPlatforms) = postSolution
		{67181663-26C1-4424-A415-6A006F16F66E}.Debug|Any CPU.ActiveCfg = Debug|Any CPU
		{67181663-26C1-4424-A415-6A006F16F66E}.Debug|Any CPU.Build.0 = Debug|Any CPU
		{67181663-26C1-4424-A415-6A006F16F66E}.Release|Any CPU.ActiveCfg = Release|Any CPU
		{67181663-26C1-4424-A415-6A006F16F66E}.Release|Any CPU.Build.0 = Release|Any CPU
	EndGlobalSection
	GlobalSection(SolutionProperties) = preSolution
		HideSolutionNode = FALSE
	EndGlobalSection
	GlobalSection(ExtensibilityGlobals) = postSolution
		SolutionGuid = {F592F806-D470-4787-B838-9F0084E8177E}
	EndGlobalSection
EndGlobal
